
Microsoft Visual Studio Solution File, Format Version 12.00
# Visual Studio 15
VisualStudioVersion = 15.0.28010.0
MinimumVisualStudioVersion = 10.0.40219.1
Project("{FAE04EC0-301F-11D3-BF4B-00C04F79EFBC}") = "ThreeDPrinting.Web", "ThreeDPrinting.Web\ThreeDPrinting.Web.csproj", "{32D348D2-9C19-40D6-9E26-F38C0D4B5B93}"
EndProject
Global
	GlobalSection(SolutionConfigurationPlatforms) = preSolution
		Debug|Any CPU = Debug|Any CPU
		Release|Any CPU = Release|Any CPU
	EndGlobalSection
	GlobalSection(ProjectConfigurationPlatforms) = postSolution
		{32D348D2-9C19-40D6-9E26-F38C0D4B5B93}.Debug|Any CPU.ActiveCfg = Debug|Any CPU
		{32D348D2-9C19-40D6-9E26-F38C0D4B5B93}.Debug|Any CPU.Build.0 = Debug|Any CPU
		{32D348D2-9C19-40D6-9E26-F38C0D4B5B93}.Release|Any CPU.ActiveCfg = Release|Any CPU
		{32D348D2-9C19-40D6-9E26-F38C0D4B5B93}.Release|Any CPU.Build.0 = Release|Any CPU
	EndGlobalSection
	GlobalSection(SolutionProperties) = preSolution
		HideSolutionNode = FALSE
	EndGlobalSection
	GlobalSection(ExtensibilityGlobals) = postSolution
		SolutionGuid = {5428655D-A7A6-4DE4-B008-6930F1E5FF0B}
	EndGlobalSection
EndGlobal
